
Microsoft Visual Studio Solution File, Format Version 12.00
# Visual Studio 2012
Project("{FAE04EC0-301F-11D3-BF4B-00C04F79EFBC}") = "ToDoSvc", "ToDoSvc\ToDoSvc.csproj", "{BFCDAB9C-545D-4353-BAD8-B5B5974976E8}"
EndProject
Project("{FAE04EC0-301F-11D3-BF4B-00C04F79EFBC}") = "ToDoSvc.Tests", "ToDoSvc.Tests\ToDoSvc.Tests.csproj", "{46BCBBCE-8C05-4F96-93DE-12752F0D598B}"
EndProject
Global
	GlobalSection(SolutionConfigurationPlatforms) = preSolution
		Debug|Any CPU = Debug|Any CPU
		Release|Any CPU = Release|Any CPU
	EndGlobalSection
	GlobalSection(ProjectConfigurationPlatforms) = postSolution
		{BFCDAB9C-545D-4353-BAD8-B5B5974976E8}.Debug|Any CPU.ActiveCfg = Debug|Any CPU
		{BFCDAB9C-545D-4353-BAD8-B5B5974976E8}.Debug|Any CPU.Build.0 = Debug|Any CPU
		{BFCDAB9C-545D-4353-BAD8-B5B5974976E8}.Release|Any CPU.ActiveCfg = Release|Any CPU
		{BFCDAB9C-545D-4353-BAD8-B5B5974976E8}.Release|Any CPU.Build.0 = Release|Any CPU
		{46BCBBCE-8C05-4F96-93DE-12752F0D598B}.Debug|Any CPU.ActiveCfg = Debug|Any CPU
		{46BCBBCE-8C05-4F96-93DE-12752F0D598B}.Debug|Any CPU.Build.0 = Debug|Any CPU
		{46BCBBCE-8C05-4F96-93DE-12752F0D598B}.Release|Any CPU.ActiveCfg = Release|Any CPU
		{46BCBBCE-8C05-4F96-93DE-12752F0D598B}.Release|Any CPU.Build.0 = Release|Any CPU
	EndGlobalSection
	GlobalSection(SolutionProperties) = preSolution
		HideSolutionNode = FALSE
	EndGlobalSection
EndGlobal
